
Microsoft Visual Studio Solution File, Format Version 12.00
# Visual Studio 15
VisualStudioVersion = 15.0.26430.15
MinimumVisualStudioVersion = 10.0.40219.1
Project("{FAE04EC0-301F-11D3-BF4B-00C04F79EFBC}") = "WebPSOC", "WebPSOC\WebPSOC.csproj", "{D32EB28C-1897-429A-B9AD-DD0C285A86A8}"
EndProject
Global
	GlobalSection(SolutionConfigurationPlatforms) = preSolution
		Debug|Any CPU = Debug|Any CPU
		Release|Any CPU = Release|Any CPU
	EndGlobalSection
	GlobalSection(ProjectConfigurationPlatforms) = postSolution
		{D32EB28C-1897-429A-B9AD-DD0C285A86A8}.Debug|Any CPU.ActiveCfg = Debug|Any CPU
		{D32EB28C-1897-429A-B9AD-DD0C285A86A8}.Debug|Any CPU.Build.0 = Debug|Any CPU
		{D32EB28C-1897-429A-B9AD-DD0C285A86A8}.Release|Any CPU.ActiveCfg = Release|Any CPU
		{D32EB28C-1897-429A-B9AD-DD0C285A86A8}.Release|Any CPU.Build.0 = Release|Any CPU
	EndGlobalSection
	GlobalSection(SolutionProperties) = preSolution
		HideSolutionNode = FALSE
	EndGlobalSection
	GlobalSection(TeamFoundationVersionControl) = preSolution
		SccNumberOfProjects = 2
		SccEnterpriseProvider = {4CA58AB2-18FA-4F8D-95D4-32DDF27D184C}
		SccTeamFoundationServer = https://projectsoc.visualstudio.com/
		SccLocalPath0 = .
		SccProjectUniqueName1 = WebPSOC\\WebPSOC.csproj
		SccProjectName1 = WebPSOC
		SccLocalPath1 = WebPSOC
	EndGlobalSection
EndGlobal
